// !$*UTF8*$!
{
	archiveVersion = 1;
	classes = {
	};
	objectVersion = 55;
	objects = {

/* Begin PBXBuildFile section */
		6D12C977282FA55800ECC11B /* MemoryGameModel.swift in Sources */ = {isa = PBXBuildFile; fileRef = 6D12C976282FA55700ECC11B /* MemoryGameModel.swift */; };
		6D12C979282FA70200ECC11B /* EmojCardGameViewModel.swift in Sources */ = {isa = PBXBuildFile; fileRef = 6D12C978282FA70200ECC11B /* EmojCardGameViewModel.swift */; };
		6D6BE78A2838C88D00DCF877 /* CardifyViewModify.swift in Sources */ = {isa = PBXBuildFile; fileRef = 6D6BE7892838C88D00DCF877 /* CardifyViewModify.swift */; };
		6D767A542837D3FB00924031 /* CustomCardView.swift in Sources */ = {isa = PBXBuildFile; fileRef = 6D767A532837D3FB00924031 /* CustomCardView.swift */; };
		6D767A562837DFB300924031 /* Pie.swift in Sources */ = {isa = PBXBuildFile; fileRef = 6D767A552837DFB300924031 /* Pie.swift */; };
		6D93ED732829623900877316 /* memorizedApp.swift in Sources */ = {isa = PBXBuildFile; fileRef = 6D93ED722829623900877316 /* memorizedApp.swift */; };
		6D93ED752829623900877316 /* ContentView.swift in Sources */ = {isa = PBXBuildFile; fileRef = 6D93ED742829623900877316 /* ContentView.swift */; };
		6D93ED772829624200877316 /* Assets.xcassets in Resources */ = {isa = PBXBuildFile; fileRef = 6D93ED762829624200877316 /* Assets.xcassets */; };
		6D93ED7A2829624200877316 /* Preview Assets.xcassets in Resources */ = {isa = PBXBuildFile; fileRef = 6D93ED792829624200877316 /* Preview Assets.xcassets */; };
/* End PBXBuildFile section */

/* Begin PBXFileReference section */
		6D12C976282FA55700ECC11B /* MemoryGameModel.swift */ = {isa = PBXFileReference; lastKnownFileType = sourcecode.swift; path = MemoryGameModel.swift; sourceTree = "<group>"; };
		6D12C978282FA70200ECC11B /* EmojCardGameViewModel.swift */ = {isa = PBXFileReference; lastKnownFileType = sourcecode.swift; path = EmojCardGameViewModel.swift; sourceTree = "<group>"; };
		6D6BE7892838C88D00DCF877 /* CardifyViewModify.swift */ = {isa = PBXFileReference; lastKnownFileType = sourcecode.swift; path = CardifyViewModify.swift; sourceTree = "<group>"; };
		6D767A532837D3FB00924031 /* CustomCardView.swift */ = {isa = PBXFileReference; lastKnownFileType = sourcecode.swift; path = CustomCardView.swift; sourceTree = "<group>"; };
		6D767A552837DFB300924031 /* Pie.swift */ = {isa = PBXFileReference; lastKnownFileType = sourcecode.swift; path = Pie.swift; sourceTree = "<group>"; };
		6D93ED6F2829623900877316 /* memorized.app */ = {isa = PBXFileReference; explicitFileType = wrapper.application; includeInIndex = 0; path = memorized.app; sourceTree = BUILT_PRODUCTS_DIR; };
		6D93ED722829623900877316 /* memorizedApp.swift */ = {isa = PBXFileReference; lastKnownFileType = sourcecode.swift; path = memorizedApp.swift; sourceTree = "<group>"; };
		6D93ED742829623900877316 /* ContentView.swift */ = {isa = PBXFileReference; lastKnownFileType = sourcecode.swift; path = ContentView.swift; sourceTree = "<group>"; };
		6D93ED762829624200877316 /* Assets.xcassets */ = {isa = PBXFileReference; lastKnownFileType = folder.assetcatalog; path = Assets.xcassets; sourceTree = "<group>"; };
		6D93ED792829624200877316 /* Preview Assets.xcassets */ = {isa = PBXFileReference; lastKnownFileType = folder.assetcatalog; path = "Preview Assets.xcassets"; sourceTree = "<group>"; };
/* End PBXFileReference section */

/* Begin PBXFrameworksBuildPhase section */
		6D93ED6C2829623800877316 /* Frameworks */ = {
			isa = PBXFrameworksBuildPhase;
			buildActionMask = 2147483647;
			files = (
			);
			runOnlyForDeploymentPostprocessing = 0;
		};
/* End PBXFrameworksBuildPhase section */

/* Begin PBXGroup section */
		6D93ED662829623800877316 = {
			isa = PBXGroup;
			children = (
				6D93ED712829623900877316 /* memorized */,
				6D93ED702829623900877316 /* Products */,
			);
			sourceTree = "<group>";
		};
		6D93ED702829623900877316 /* Products */ = {
			isa = PBXGroup;
			children = (
				6D93ED6F2829623900877316 /* memorized.app */,
			);
			name = Products;
			sourceTree = "<group>";
		};
		6D93ED712829623900877316 /* memorized */ = {
			isa = PBXGroup;
			children = (
				6D93ED722829623900877316 /* memorizedApp.swift */,
				6D93ED742829623900877316 /* ContentView.swift */,
				6D767A532837D3FB00924031 /* CustomCardView.swift */,
				6D12C976282FA55700ECC11B /* MemoryGameModel.swift */,
				6D12C978282FA70200ECC11B /* EmojCardGameViewModel.swift */,
				6D93ED762829624200877316 /* Assets.xcassets */,
				6D93ED782829624200877316 /* Preview Content */,
				6D767A552837DFB300924031 /* Pie.swift */,
				6D6BE7892838C88D00DCF877 /* CardifyViewModify.swift */,
			);
			path = memorized;
			sourceTree = "<group>";
		};
		6D93ED782829624200877316 /* Preview Content */ = {
			isa = PBXGroup;
			children = (
				6D93ED792829624200877316 /* Preview Assets.xcassets */,
			);
			path = "Preview Content";
			sourceTree = "<group>";
		};
/* End PBXGroup section */

/* Begin PBXNativeTarget section */
		6D93ED6E2829623800877316 /* memorized */ = {
			isa = PBXNativeTarget;
			buildConfigurationList = 6D93ED7D2829624200877316 /* Build configuration list for PBXNativeTarget "memorized" */;
			buildPhases = (
				6D93ED6B2829623800877316 /* Sources */,
				6D93ED6C2829623800877316 /* Frameworks */,
				6D93ED6D2829623800877316 /* Resources */,
			);
			buildRules = (
			);
			dependencies = (
			);
			name = memorized;
			productName = memorized;
			productReference = 6D93ED6F2829623900877316 /* memorized.app */;
			productType = "com.apple.product-type.application";
		};
/* End PBXNativeTarget section */

/* Begin PBXProject section */
		6D93ED672829623800877316 /* Project object */ = {
			isa = PBXProject;
			attributes = {
				BuildIndependentTargetsInParallel = 1;
				LastSwiftUpdateCheck = 1330;
				LastUpgradeCheck = 1330;
				TargetAttributes = {
					6D93ED6E2829623800877316 = {
						CreatedOnToolsVersion = 13.3.1;
					};
				};
			};
			buildConfigurationList = 6D93ED6A2829623800877316 /* Build configuration list for PBXProject "memorized" */;
			compatibilityVersion = "Xcode 13.0";
			developmentRegion = en;
			hasScannedForEncodings = 0;
			knownRegions = (
				en,
				Base,
			);
			mainGroup = 6D93ED662829623800877316;
			productRefGroup = 6D93ED702829623900877316 /* Products */;
			projectDirPath = "";
			projectRoot = "";
			targets = (
				6D93ED6E2829623800877316 /* memorized */,
			);
		};
/* End PBXProject section */

/* Begin PBXResourcesBuildPhase section */
		6D93ED6D2829623800877316 /* Resources */ = {
			isa = PBXResourcesBuildPhase;
			buildActionMask = 2147483647;
			files = (
				6D93ED7A2829624200877316 /* Preview Assets.xcassets in Resources */,
				6D93ED772829624200877316 /* Assets.xcassets in Resources */,
			);
			runOnlyForDeploymentPostprocessing = 0;
		};
/* End PBXResourcesBuildPhase section */

/* Begin PBXSourcesBuildPhase section */
		6D93ED6B2829623800877316 /* Sources */ = {
			isa = PBXSourcesBuildPhase;
			buildActionMask = 2147483647;
			files = (
				6D767A562837DFB300924031 /* Pie.swift in Sources */,
				6D93ED752829623900877316 /* ContentView.swift in Sources */,
				6D12C979282FA70200ECC11B /* EmojCardGameViewModel.swift in Sources */,
				6D767A542837D3FB00924031 /* CustomCardView.swift in Sources */,
				6D6BE78A2838C88D00DCF877 /* CardifyViewModify.swift in Sources */,
				6D93ED732829623900877316 /* memorizedApp.swift in Sources */,
				6D12C977282FA55800ECC11B /* MemoryGameModel.swift in Sources */,
			);
			runOnlyForDeploymentPostprocessing = 0;
		};
/* End PBXSourcesBuildPhase section */

/* Begin XCBuildConfiguration section */
		6D93ED7B2829624200877316 /* Debug */ = {
			isa = XCBuildConfiguration;
			buildSettings = {
				ALWAYS_SEARCH_USER_PATHS = NO;
				CLANG_ANALYZER_NONNULL = YES;
				CLANG_ANALYZER_NUMBER_OBJECT_CONVERSION = YES_AGGRESSIVE;
				CLANG_CXX_LANGUAGE_STANDARD = "gnu++17";
				CLANG_ENABLE_MODULES = YES;
				CLANG_ENABLE_OBJC_ARC = YES;
				CLANG_ENABLE_OBJC_WEAK = YES;
				CLANG_WARN_BLOCK_CAPTURE_AUTORELEASING = YES;
				CLANG_WARN_BOOL_CONVERSION = YES;
				CLANG_WARN_COMMA = YES;
				CLANG_WARN_CONSTANT_CONVERSION = YES;
				CLANG_WARN_DEPRECATED_OBJC_IMPLEMENTATIONS = YES;
				CLANG_WARN_DIRECT_OBJC_ISA_USAGE = YES_ERROR;
				CLANG_WARN_DOCUMENTATION_COMMENTS = YES;
				CLANG_WARN_EMPTY_BODY = YES;
				CLANG_WARN_ENUM_CONVERSION = YES;
				CLANG_WARN_INFINITE_RECURSION = YES;
				CLANG_WARN_INT_CONVERSION = YES;
				CLANG_WARN_NON_LITERAL_NULL_CONVERSION = YES;
				CLANG_WARN_OBJC_IMPLICIT_RETAIN_SELF = YES;
				CLANG_WARN_OBJC_LITERAL_CONVERSION = YES;
				CLANG_WARN_OBJC_ROOT_CLASS = YES_ERROR;
				CLANG_WARN_QUOTED_INCLUDE_IN_FRAMEWORK_HEADER = YES;
				CLANG_WARN_RANGE_LOOP_ANALYSIS = YES;
				CLANG_WARN_STRICT_PROTOTYPES = YES;
				CLANG_WARN_SUSPICIOUS_MOVE = YES;
				CLANG_WARN_UNGUARDED_AVAILABILITY = YES_AGGRESSIVE;
				CLANG_WARN_UNREACHABLE_CODE = YES;
				CLANG_WARN__DUPLICATE_METHOD_MATCH = YES;
				COPY_PHASE_STRIP = NO;
				DEBUG_INFORMATION_FORMAT = dwarf;
				ENABLE_STRICT_OBJC_MSGSEND = YES;
				ENABLE_TESTABILITY = YES;
				GCC_C_LANGUAGE_STANDARD = gnu11;
				GCC_DYNAMIC_NO_PIC = NO;
				GCC_NO_COMMON_BLOCKS = YES;
				GCC_OPTIMIZATION_LEVEL = 0;
				GCC_PREPROCESSOR_DEFINITIONS = (
					"DEBUG=1",
					"$(inherited)",
				);
				GCC_WARN_64_TO_32_BIT_CONVERSION = YES;
				GCC_WARN_ABOUT_RETURN_TYPE = YES_ERROR;
				GCC_WARN_UNDECLARED_SELECTOR = YES;
				GCC_WARN_UNINITIALIZED_AUTOS = YES_AGGRESSIVE;
				GCC_WARN_UNUSED_FUNCTION = YES;
				GCC_WARN_UNUSED_VARIABLE = YES;
				IPHONEOS_DEPLOYMENT_TARGET = 15.4;
				MTL_ENABLE_DEBUG_INFO = INCLUDE_SOURCE;
				MTL_FAST_MATH = YES;
				ONLY_ACTIVE_ARCH = YES;
				SDKROOT = iphoneos;
				SWIFT_ACTIVE_COMPILATION_CONDITIONS = DEBUG;
				SWIFT_OPTIMIZATION_LEVEL = "-Onone";
			};
			name = Debug;
		};
		6D93ED7C2829624200877316 /* Release */ = {
			isa = XCBuildConfiguration;
			buildSettings = {
				ALWAYS_SEARCH_USER_PATHS = NO;
				CLANG_ANALYZER_NONNULL = YES;
				CLANG_ANALYZER_NUMBER_OBJECT_CONVERSION = YES_AGGRESSIVE;
				CLANG_CXX_LANGUAGE_STANDARD = "gnu++17";
				CLANG_ENABLE_MODULES = YES;
				CLANG_ENABLE_OBJC_ARC = YES;
				CLANG_ENABLE_OBJC_WEAK = YES;
				CLANG_WARN_BLOCK_CAPTURE_AUTORELEASING = YES;
				CLANG_WARN_BOOL_CONVERSION = YES;
				CLANG_WARN_COMMA = YES;
				CLANG_WARN_CONSTANT_CONVERSION = YES;
				CLANG_WARN_DEPRECATED_OBJC_IMPLEMENTATIONS = YES;
				CLANG_WARN_DIRECT_OBJC_ISA_USAGE = YES_ERROR;
				CLANG_WARN_DOCUMENTATION_COMMENTS = YES;
				CLANG_WARN_EMPTY_BODY = YES;
				CLANG_WARN_ENUM_CONVERSION = YES;
				CLANG_WARN_INFINITE_RECURSION = YES;
				CLANG_WARN_INT_CONVERSION = YES;
				CLANG_WARN_NON_LITERAL_NULL_CONVERSION = YES;
				CLANG_WARN_OBJC_IMPLICIT_RETAIN_SELF = YES;
				CLANG_WARN_OBJC_LITERAL_CONVERSION = YES;
				CLANG_WARN_OBJC_ROOT_CLASS = YES_ERROR;
				CLANG_WARN_QUOTED_INCLUDE_IN_FRAMEWORK_HEADER = YES;
				CLANG_WARN_RANGE_LOOP_ANALYSIS = YES;
				CLANG_WARN_STRICT_PROTOTYPES = YES;
				CLANG_WARN_SUSPICIOUS_MOVE = YES;
				CLANG_WARN_UNGUARDED_AVAILABILITY = YES_AGGRESSIVE;
				CLANG_WARN_UNREACHABLE_CODE = YES;
				CLANG_WARN__DUPLICATE_METHOD_MATCH = YES;
				COPY_PHASE_STRIP = NO;
				DEBUG_INFORMATION_FORMAT = "dwarf-with-dsym";
				ENABLE_NS_ASSERTIONS = NO;
				ENABLE_STRICT_OBJC_MSGSEND = YES;
				GCC_C_LANGUAGE_STANDARD = gnu11;
				GCC_NO_COMMON_BLOCKS = YES;
				GCC_WARN_64_TO_32_BIT_CONVERSION = YES;
				GCC_WARN_ABOUT_RETURN_TYPE = YES_ERROR;
				GCC_WARN_UNDECLARED_SELECTOR = YES;
				GCC_WARN_UNINITIALIZED_AUTOS = YES_AGGRESSIVE;
				GCC_WARN_UNUSED_FUNCTION = YES;
				GCC_WARN_UNUSED_VARIABLE = YES;
				IPHONEOS_DEPLOYMENT_TARGET = 15.4;
				MTL_ENABLE_DEBUG_INFO = NO;
				MTL_FAST_MATH = YES;
				SDKROOT = iphoneos;
				SWIFT_COMPILATION_MODE = wholemodule;
				SWIFT_OPTIMIZATION_LEVEL = "-O";
				VALIDATE_PRODUCT = YES;
			};
			name = Release;
		};
		6D93ED7E2829624200877316 /* Debug */ = {
			isa = XCBuildConfiguration;
			buildSettings = {
				ASSETCATALOG_COMPILER_APPICON_NAME = AppIcon;
				ASSETCATALOG_COMPILER_GLOBAL_ACCENT_COLOR_NAME = AccentColor;
				CODE_SIGN_STYLE = Automatic;
				CURRENT_PROJECT_VERSION = 1;
				DEVELOPMENT_ASSET_PATHS = "\"memorized/Preview Content\"";
				DEVELOPMENT_TEAM = 2FXFFFDKQ2;
				ENABLE_PREVIEWS = YES;
				GENERATE_INFOPLIST_FILE = YES;
				INFOPLIST_KEY_UIApplicationSceneManifest_Generation = YES;
				INFOPLIST_KEY_UIApplicationSupportsIndirectInputEvents = YES;
				INFOPLIST_KEY_UILaunchScreen_Generation = YES;
				INFOPLIST_KEY_UISupportedInterfaceOrientations_iPad = "UIInterfaceOrientationPortrait UIInterfaceOrientationPortraitUpsideDown UIInterfaceOrientationLandscapeLeft UIInterfaceOrientationLandscapeRight";
				INFOPLIST_KEY_UISupportedInterfaceOrientations_iPhone = "UIInterfaceOrientationPortrait UIInterfaceOrientationLandscapeLeft UIInterfaceOrientationLandscapeRight";
				LD_RUNPATH_SEARCH_PATHS = (
					"$(inherited)",
					"@executable_path/Frameworks",
				);
				MARKETING_VERSION = 1.0;
				PRODUCT_BUNDLE_IDENTIFIER = jackey.he.memorized;
				PRODUCT_NAME = "$(TARGET_NAME)";
				SWIFT_EMIT_LOC_STRINGS = YES;
				SWIFT_VERSION = 5.0;
				TARGETED_DEVICE_FAMILY = "1,2";
			};
			name = Debug;
		};
		6D93ED7F2829624200877316 /* Release */ = {
			isa = XCBuildConfiguration;
			buildSettings = {
				ASSETCATALOG_COMPILER_APPICON_NAME = AppIcon;
				ASSETCATALOG_COMPILER_GLOBAL_ACCENT_COLOR_NAME = AccentColor;
				CODE_SIGN_STYLE = Automatic;
				CURRENT_PROJECT_VERSION = 1;
				DEVELOPMENT_ASSET_PATHS = "\"memorized/Preview Content\"";
				DEVELOPMENT_TEAM = 2FXFFFDKQ2;
				ENABLE_PREVIEWS = YES;
				GENERATE_INFOPLIST_FILE = YES;
				INFOPLIST_KEY_UIApplicationSceneManifest_Generation = YES;
				INFOPLIST_KEY_UIApplicationSupportsIndirectInputEvents = YES;
				INFOPLIST_KEY_UILaunchScreen_Generation = YES;
				INFOPLIST_KEY_UISupportedInterfaceOrientations_iPad = "UIInterfaceOrientationPortrait UIInterfaceOrientationPortraitUpsideDown UIInterfaceOrientationLandscapeLeft UIInterfaceOrientationLandscapeRight";
				INFOPLIST_KEY_UISupportedInterfaceOrientations_iPhone = "UIInterfaceOrientationPortrait UIInterfaceOrientationLandscapeLeft UIInterfaceOrientationLandscapeRight";
				LD_RUNPATH_SEARCH_PATHS = (
					"$(inherited)",
					"@executable_path/Frameworks",
				);
				MARKETING_VERSION = 1.0;
				PRODUCT_BUNDLE_IDENTIFIER = jackey.he.memorized;
				PRODUCT_NAME = "$(TARGET_NAME)";
				SWIFT_EMIT_LOC_STRINGS = YES;
				SWIFT_VERSION = 5.0;
				TARGETED_DEVICE_FAMILY = "1,2";
			};
			name = Release;
		};
/* End XCBuildConfiguration section */

/* Begin XCConfigurationList section */
		6D93ED6A2829623800877316 /* Build configuration list for PBXProject "memorized" */ = {
			isa = XCConfigurationList;
			buildConfigurations = (
				6D93ED7B2829624200877316 /* Debug */,
				6D93ED7C2829624200877316 /* Release */,
			);
			defaultConfigurationIsVisible = 0;
			defaultConfigurationName = Release;
		};
		6D93ED7D2829624200877316 /* Build configuration list for PBXNativeTarget "memorized" */ = {
			isa = XCConfigurationList;
			buildConfigurations = (
				6D93ED7E2829624200877316 /* Debug */,
				6D93ED7F2829624200877316 /* Release */,
			);
			defaultConfigurationIsVisible = 0;
			defaultConfigurationName = Release;
		};
/* End XCConfigurationList section */
	};
	rootObject = 6D93ED672829623800877316 /* Project object */;
}
